
Microsoft Visual Studio Solution File, Format Version 12.00
# Visual Studio Version 16
VisualStudioVersion = 16.0.31729.503
MinimumVisualStudioVersion = 10.0.40219.1
Project("{FAE04EC0-301F-11D3-BF4B-00C04F79EFBC}") = "123Hop!", "123Hop!.csproj", "{1906FD1B-9777-483E-9E61-CCD54F92AF40}"
EndProject
Global
	GlobalSection(SolutionConfigurationPlatforms) = preSolution
		Debug|Any CPU = Debug|Any CPU
		Release|Any CPU = Release|Any CPU
	EndGlobalSection
	GlobalSection(ProjectConfigurationPlatforms) = postSolution
		{1906FD1B-9777-483E-9E61-CCD54F92AF40}.Debug|Any CPU.ActiveCfg = Debug|Any CPU
		{1906FD1B-9777-483E-9E61-CCD54F92AF40}.Debug|Any CPU.Build.0 = Debug|Any CPU
		{1906FD1B-9777-483E-9E61-CCD54F92AF40}.Release|Any CPU.ActiveCfg = Release|Any CPU
		{1906FD1B-9777-483E-9E61-CCD54F92AF40}.Release|Any CPU.Build.0 = Release|Any CPU
	EndGlobalSection
	GlobalSection(SolutionProperties) = preSolution
		HideSolutionNode = FALSE
	EndGlobalSection
	GlobalSection(ExtensibilityGlobals) = postSolution
		SolutionGuid = {A424A744-660C-48AB-B487-B2B1250A56D7}
	EndGlobalSection
EndGlobal
